
Microsoft Visual Studio Solution File, Format Version 12.00
# Visual Studio Version 17
VisualStudioVersion = 17.5.33530.505
MinimumVisualStudioVersion = 10.0.40219.1
Project("{FAE04EC0-301F-11D3-BF4B-00C04F79EFBC}") = "StoreFront.UI.MVC", "StoreFront.UI.MVC\StoreFront.UI.MVC.csproj", "{C330DBAA-7C62-461F-ABED-33E6441914E1}"
EndProject
Global
	GlobalSection(SolutionConfigurationPlatforms) = preSolution
		Debug|Any CPU = Debug|Any CPU
		Release|Any CPU = Release|Any CPU
	EndGlobalSection
	GlobalSection(ProjectConfigurationPlatforms) = postSolution
		{C330DBAA-7C62-461F-ABED-33E6441914E1}.Debug|Any CPU.ActiveCfg = Debug|Any CPU
		{C330DBAA-7C62-461F-ABED-33E6441914E1}.Debug|Any CPU.Build.0 = Debug|Any CPU
		{C330DBAA-7C62-461F-ABED-33E6441914E1}.Release|Any CPU.ActiveCfg = Release|Any CPU
		{C330DBAA-7C62-461F-ABED-33E6441914E1}.Release|Any CPU.Build.0 = Release|Any CPU
	EndGlobalSection
	GlobalSection(SolutionProperties) = preSolution
		HideSolutionNode = FALSE
	EndGlobalSection
	GlobalSection(ExtensibilityGlobals) = postSolution
		SolutionGuid = {4B29809C-A6B4-41B9-9BD8-777334CE1940}
	EndGlobalSection
EndGlobal
